
Microsoft Visual Studio Solution File, Format Version 12.00
# Visual Studio Version 16
VisualStudioVersion = 16.0.34114.132
MinimumVisualStudioVersion = 10.0.40219.1
Project("{FAE04EC0-301F-11D3-BF4B-00C04F79EFBC}") = "JWTtoken", "JWTtoken\JWTtoken.csproj", "{FEA20966-43AE-474C-AE70-25B8580E38FB}"
EndProject
Global
	GlobalSection(SolutionConfigurationPlatforms) = preSolution
		Debug|Any CPU = Debug|Any CPU
		Release|Any CPU = Release|Any CPU
	EndGlobalSection
	GlobalSection(ProjectConfigurationPlatforms) = postSolution
		{FEA20966-43AE-474C-AE70-25B8580E38FB}.Debug|Any CPU.ActiveCfg = Debug|Any CPU
		{FEA20966-43AE-474C-AE70-25B8580E38FB}.Debug|Any CPU.Build.0 = Debug|Any CPU
		{FEA20966-43AE-474C-AE70-25B8580E38FB}.Release|Any CPU.ActiveCfg = Release|Any CPU
		{FEA20966-43AE-474C-AE70-25B8580E38FB}.Release|Any CPU.Build.0 = Release|Any CPU
	EndGlobalSection
	GlobalSection(SolutionProperties) = preSolution
		HideSolutionNode = FALSE
	EndGlobalSection
	GlobalSection(ExtensibilityGlobals) = postSolution
		SolutionGuid = {2D115A85-D37C-4E89-835F-AA7A3FC07312}
	EndGlobalSection
EndGlobal
